<?xml version="1.0" encoding="utf-8"?>
<Project ToolsVersion="4.0" xmlns="http://schemas.microsoft.com/developer/msbuild/2003">
  <ItemGroup>
    <Filter Include="Source Files">
      <UniqueIdentifier>{4FC737F1-C7A5-4376-A066-2A32D752A2FF}</UniqueIdentifier>
      <Extensions>cpp;c;cc;cxx</Extensions>
    </Filter>
    <Filter Include="Python Scripts">
      <UniqueIdentifier>{93995380-89BD-4b04-88EB-625FBE52EBFB}</UniqueIdentifier>
      <Extensions>py</Extensions>
    </Filter>
    <Filter Include="Documentation">
      <UniqueIdentifier>{67DA6AB6-F800-4c08-8B7A-83BB121AAD01}</UniqueIdentifier>
      <Extensions>md;txt</Extensions>
    </Filter>
  </ItemGroup>
  <ItemGroup>
    <ClCompile Include="guoqiejiancha.cpp">
      <Filter>Source Files</Filter>
    </ClCompile>
  </ItemGroup>
  <ItemGroup>
    <None Include="SKILL.md">
      <Filter>Documentation</Filter>
    </None>
    <None Include="scripts\guoqie_batch.py">
      <Filter>Python Scripts</Filter>
    </None>
    <None Include="scripts\guoqie_decision.py">
      <Filter>Python Scripts</Filter>
    </None>
    <None Include="scripts\guoqie_execution.py">
      <Filter>Python Scripts</Filter>
    </None>
    <None Include="scripts\guoqie_io.py">
      <Filter>Python Scripts</Filter>
    </None>
  </ItemGroup>
  <ItemGroup>
    <Text Include="README.txt">
      <Filter>Documentation</Filter>
    </Text>
  </ItemGroup>
</Project>
